
Microsoft Visual Studio Solution File, Format Version 12.00
# Visual Studio 15
Project("{FAE04EC0-301F-11D3-BF4B-00C04F79EFBC}") = "Assembly-CSharp", "Assembly-CSharp.csproj", "{580823E5-C825-C67D-A168-58F4DD831C0C}"
EndProject
Project("{FAE04EC0-301F-11D3-BF4B-00C04F79EFBC}") = "Assembly-CSharp-Editor", "Assembly-CSharp-Editor.csproj", "{7B067BD6-180B-F1C0-859F-AD914155F026}"
EndProject
Global
	GlobalSection(SolutionConfigurationPlatforms) = preSolution
		Debug|Any CPU = Debug|Any CPU
		Release|Any CPU = Release|Any CPU
	EndGlobalSection
	GlobalSection(ProjectConfigurationPlatforms) = postSolution
		{580823E5-C825-C67D-A168-58F4DD831C0C}.Debug|Any CPU.ActiveCfg = Debug|Any CPU
		{580823E5-C825-C67D-A168-58F4DD831C0C}.Debug|Any CPU.Build.0 = Debug|Any CPU
		{580823E5-C825-C67D-A168-58F4DD831C0C}.Release|Any CPU.ActiveCfg = Release|Any CPU
		{580823E5-C825-C67D-A168-58F4DD831C0C}.Release|Any CPU.Build.0 = Release|Any CPU
		{7B067BD6-180B-F1C0-859F-AD914155F026}.Debug|Any CPU.ActiveCfg = Debug|Any CPU
		{7B067BD6-180B-F1C0-859F-AD914155F026}.Debug|Any CPU.Build.0 = Debug|Any CPU
		{7B067BD6-180B-F1C0-859F-AD914155F026}.Release|Any CPU.ActiveCfg = Release|Any CPU
		{7B067BD6-180B-F1C0-859F-AD914155F026}.Release|Any CPU.Build.0 = Release|Any CPU
	EndGlobalSection
	GlobalSection(SolutionProperties) = preSolution
		HideSolutionNode = FALSE
	EndGlobalSection
EndGlobal
